
Microsoft Visual Studio Solution File, Format Version 12.00
Project("{FAE04EC0-301F-11D3-BF4B-00C04F79EFBC}") = "TestingMartenFeatures.Api", "TestingMartenFeatures.Api\TestingMartenFeatures.Api.csproj", "{ED40C26E-4D8B-4D78-BFCC-834413808B51}"
EndProject
Project("{FAE04EC0-301F-11D3-BF4B-00C04F79EFBC}") = "TestingMartenFeatures.Api.Tests", "TestingMartenFeatures.Api.Tests\TestingMartenFeatures.Api.Tests.csproj", "{D6AA81FF-3F14-48F1-B8DD-F90A71F40A0E}"
EndProject
Global
	GlobalSection(SolutionConfigurationPlatforms) = preSolution
		Debug|Any CPU = Debug|Any CPU
		Release|Any CPU = Release|Any CPU
	EndGlobalSection
	GlobalSection(ProjectConfigurationPlatforms) = postSolution
		{ED40C26E-4D8B-4D78-BFCC-834413808B51}.Debug|Any CPU.ActiveCfg = Debug|Any CPU
		{ED40C26E-4D8B-4D78-BFCC-834413808B51}.Debug|Any CPU.Build.0 = Debug|Any CPU
		{ED40C26E-4D8B-4D78-BFCC-834413808B51}.Release|Any CPU.ActiveCfg = Release|Any CPU
		{ED40C26E-4D8B-4D78-BFCC-834413808B51}.Release|Any CPU.Build.0 = Release|Any CPU
		{D6AA81FF-3F14-48F1-B8DD-F90A71F40A0E}.Debug|Any CPU.ActiveCfg = Debug|Any CPU
		{D6AA81FF-3F14-48F1-B8DD-F90A71F40A0E}.Debug|Any CPU.Build.0 = Debug|Any CPU
		{D6AA81FF-3F14-48F1-B8DD-F90A71F40A0E}.Release|Any CPU.ActiveCfg = Release|Any CPU
		{D6AA81FF-3F14-48F1-B8DD-F90A71F40A0E}.Release|Any CPU.Build.0 = Release|Any CPU
	EndGlobalSection
EndGlobal
